
Microsoft Visual Studio Solution File, Format Version 12.00
# Visual Studio Version 16
VisualStudioVersion = 16.0.31105.61
MinimumVisualStudioVersion = 10.0.40219.1
Project("{FAE04EC0-301F-11D3-BF4B-00C04F79EFBC}") = "DependencyServiceXamarinForms.Android", "DependencyServiceXamarinForms.Android\DependencyServiceXamarinForms.Android.csproj", "{5BC464DE-4D94-48F3-8C8B-677EE43555B7}"
EndProject
Project("{FAE04EC0-301F-11D3-BF4B-00C04F79EFBC}") = "DependencyServiceXamarinForms.iOS", "DependencyServiceXamarinForms.iOS\DependencyServiceXamarinForms.iOS.csproj", "{D6034FDB-3D66-4AFD-89D2-95341AC1ED24}"
EndProject
Project("{9A19103F-16F7-4668-BE54-9A1E7A4F7556}") = "DependencyServiceXamarinForms", "DependencyServiceXamarinForms\DependencyServiceXamarinForms.csproj", "{D6591ADF-DC6A-452B-898F-607C4A026947}"
EndProject
Global
	GlobalSection(SolutionConfigurationPlatforms) = preSolution
		Debug|Any CPU = Debug|Any CPU
		Debug|iPhone = Debug|iPhone
		Debug|iPhoneSimulator = Debug|iPhoneSimulator
		Release|Any CPU = Release|Any CPU
		Release|iPhone = Release|iPhone
		Release|iPhoneSimulator = Release|iPhoneSimulator
	EndGlobalSection
	GlobalSection(ProjectConfigurationPlatforms) = postSolution
		{5BC464DE-4D94-48F3-8C8B-677EE43555B7}.Debug|Any CPU.ActiveCfg = Debug|Any CPU
		{5BC464DE-4D94-48F3-8C8B-677EE43555B7}.Debug|Any CPU.Build.0 = Debug|Any CPU
		{5BC464DE-4D94-48F3-8C8B-677EE43555B7}.Debug|Any CPU.Deploy.0 = Debug|Any CPU
		{5BC464DE-4D94-48F3-8C8B-677EE43555B7}.Debug|iPhone.ActiveCfg = Debug|Any CPU
		{5BC464DE-4D94-48F3-8C8B-677EE43555B7}.Debug|iPhone.Build.0 = Debug|Any CPU
		{5BC464DE-4D94-48F3-8C8B-677EE43555B7}.Debug|iPhone.Deploy.0 = Debug|Any CPU
		{5BC464DE-4D94-48F3-8C8B-677EE43555B7}.Debug|iPhoneSimulator.ActiveCfg = Debug|Any CPU
		{5BC464DE-4D94-48F3-8C8B-677EE43555B7}.Debug|iPhoneSimulator.Build.0 = Debug|Any CPU
		{5BC464DE-4D94-48F3-8C8B-677EE43555B7}.Debug|iPhoneSimulator.Deploy.0 = Debug|Any CPU
		{5BC464DE-4D94-48F3-8C8B-677EE43555B7}.Release|Any CPU.ActiveCfg = Release|Any CPU
		{5BC464DE-4D94-48F3-8C8B-677EE43555B7}.Release|Any CPU.Build.0 = Release|Any CPU
		{5BC464DE-4D94-48F3-8C8B-677EE43555B7}.Release|Any CPU.Deploy.0 = Release|Any CPU
		{5BC464DE-4D94-48F3-8C8B-677EE43555B7}.Release|iPhone.ActiveCfg = Release|Any CPU
		{5BC464DE-4D94-48F3-8C8B-677EE43555B7}.Release|iPhone.Build.0 = Release|Any CPU
		{5BC464DE-4D94-48F3-8C8B-677EE43555B7}.Release|iPhone.Deploy.0 = Release|Any CPU
		{5BC464DE-4D94-48F3-8C8B-677EE43555B7}.Release|iPhoneSimulator.ActiveCfg = Release|Any CPU
		{5BC464DE-4D94-48F3-8C8B-677EE43555B7}.Release|iPhoneSimulator.Build.0 = Release|Any CPU
		{5BC464DE-4D94-48F3-8C8B-677EE43555B7}.Release|iPhoneSimulator.Deploy.0 = Release|Any CPU
		{D6034FDB-3D66-4AFD-89D2-95341AC1ED24}.Debug|Any CPU.ActiveCfg = Debug|iPhone
		{D6034FDB-3D66-4AFD-89D2-95341AC1ED24}.Debug|Any CPU.Build.0 = Debug|iPhone
		{D6034FDB-3D66-4AFD-89D2-95341AC1ED24}.Debug|Any CPU.Deploy.0 = Debug|iPhone
		{D6034FDB-3D66-4AFD-89D2-95341AC1ED24}.Debug|iPhone.ActiveCfg = Debug|iPhone
		{D6034FDB-3D66-4AFD-89D2-95341AC1ED24}.Debug|iPhone.Build.0 = Debug|iPhone
		{D6034FDB-3D66-4AFD-89D2-95341AC1ED24}.Debug|iPhone.Deploy.0 = Debug|iPhone
		{D6034FDB-3D66-4AFD-89D2-95341AC1ED24}.Debug|iPhoneSimulator.ActiveCfg = Debug|iPhoneSimulator
		{D6034FDB-3D66-4AFD-89D2-95341AC1ED24}.Debug|iPhoneSimulator.Build.0 = Debug|iPhoneSimulator
		{D6034FDB-3D66-4AFD-89D2-95341AC1ED24}.Debug|iPhoneSimulator.Deploy.0 = Debug|iPhoneSimulator
		{D6034FDB-3D66-4AFD-89D2-95341AC1ED24}.Release|Any CPU.ActiveCfg = Release|iPhoneSimulator
		{D6034FDB-3D66-4AFD-89D2-95341AC1ED24}.Release|Any CPU.Build.0 = Release|iPhoneSimulator
		{D6034FDB-3D66-4AFD-89D2-95341AC1ED24}.Release|Any CPU.Deploy.0 = Release|iPhoneSimulator
		{D6034FDB-3D66-4AFD-89D2-95341AC1ED24}.Release|iPhone.ActiveCfg = Release|iPhone
		{D6034FDB-3D66-4AFD-89D2-95341AC1ED24}.Release|iPhone.Build.0 = Release|iPhone
		{D6034FDB-3D66-4AFD-89D2-95341AC1ED24}.Release|iPhone.Deploy.0 = Release|iPhone
		{D6034FDB-3D66-4AFD-89D2-95341AC1ED24}.Release|iPhoneSimulator.ActiveCfg = Release|iPhoneSimulator
		{D6034FDB-3D66-4AFD-89D2-95341AC1ED24}.Release|iPhoneSimulator.Build.0 = Release|iPhoneSimulator
		{D6034FDB-3D66-4AFD-89D2-95341AC1ED24}.Release|iPhoneSimulator.Deploy.0 = Release|iPhoneSimulator
		{D6591ADF-DC6A-452B-898F-607C4A026947}.Debug|Any CPU.ActiveCfg = Debug|Any CPU
		{D6591ADF-DC6A-452B-898F-607C4A026947}.Debug|Any CPU.Build.0 = Debug|Any CPU
		{D6591ADF-DC6A-452B-898F-607C4A026947}.Debug|Any CPU.Deploy.0 = Debug|Any CPU
		{D6591ADF-DC6A-452B-898F-607C4A026947}.Debug|iPhone.ActiveCfg = Debug|Any CPU
		{D6591ADF-DC6A-452B-898F-607C4A026947}.Debug|iPhone.Build.0 = Debug|Any CPU
		{D6591ADF-DC6A-452B-898F-607C4A026947}.Debug|iPhone.Deploy.0 = Debug|Any CPU
		{D6591ADF-DC6A-452B-898F-607C4A026947}.Debug|iPhoneSimulator.ActiveCfg = Debug|Any CPU
		{D6591ADF-DC6A-452B-898F-607C4A026947}.Debug|iPhoneSimulator.Build.0 = Debug|Any CPU
		{D6591ADF-DC6A-452B-898F-607C4A026947}.Debug|iPhoneSimulator.Deploy.0 = Debug|Any CPU
		{D6591ADF-DC6A-452B-898F-607C4A026947}.Release|Any CPU.ActiveCfg = Release|Any CPU
		{D6591ADF-DC6A-452B-898F-607C4A026947}.Release|Any CPU.Build.0 = Release|Any CPU
		{D6591ADF-DC6A-452B-898F-607C4A026947}.Release|Any CPU.Deploy.0 = Release|Any CPU
		{D6591ADF-DC6A-452B-898F-607C4A026947}.Release|iPhone.ActiveCfg = Release|Any CPU
		{D6591ADF-DC6A-452B-898F-607C4A026947}.Release|iPhone.Build.0 = Release|Any CPU
		{D6591ADF-DC6A-452B-898F-607C4A026947}.Release|iPhone.Deploy.0 = Release|Any CPU
		{D6591ADF-DC6A-452B-898F-607C4A026947}.Release|iPhoneSimulator.ActiveCfg = Release|Any CPU
		{D6591ADF-DC6A-452B-898F-607C4A026947}.Release|iPhoneSimulator.Build.0 = Release|Any CPU
		{D6591ADF-DC6A-452B-898F-607C4A026947}.Release|iPhoneSimulator.Deploy.0 = Release|Any CPU
	EndGlobalSection
	GlobalSection(SolutionProperties) = preSolution
		HideSolutionNode = FALSE
	EndGlobalSection
	GlobalSection(ExtensibilityGlobals) = postSolution
		SolutionGuid = {F0024AA2-8528-4B18-B2BD-F19D8A57A303}
	EndGlobalSection
EndGlobal
